
Microsoft Visual Studio Solution File, Format Version 12.00
# Visual Studio Version 17
VisualStudioVersion = 17.2.32210.308
MinimumVisualStudioVersion = 10.0.40219.1
Project("{FAE04EC0-301F-11D3-BF4B-00C04F79EFBC}") = "LoginMaskinen", "LoginMaskinen\LoginMaskinen.csproj", "{AA4E6884-6E5F-48FB-91DB-6326D4C80FD7}"
EndProject
Global
	GlobalSection(SolutionConfigurationPlatforms) = preSolution
		Debug|Any CPU = Debug|Any CPU
		Release|Any CPU = Release|Any CPU
	EndGlobalSection
	GlobalSection(ProjectConfigurationPlatforms) = postSolution
		{AA4E6884-6E5F-48FB-91DB-6326D4C80FD7}.Debug|Any CPU.ActiveCfg = Debug|Any CPU
		{AA4E6884-6E5F-48FB-91DB-6326D4C80FD7}.Debug|Any CPU.Build.0 = Debug|Any CPU
		{AA4E6884-6E5F-48FB-91DB-6326D4C80FD7}.Release|Any CPU.ActiveCfg = Release|Any CPU
		{AA4E6884-6E5F-48FB-91DB-6326D4C80FD7}.Release|Any CPU.Build.0 = Release|Any CPU
	EndGlobalSection
	GlobalSection(SolutionProperties) = preSolution
		HideSolutionNode = FALSE
	EndGlobalSection
	GlobalSection(ExtensibilityGlobals) = postSolution
		SolutionGuid = {574B0AE8-9344-43D8-B668-D77FE5592A97}
	EndGlobalSection
EndGlobal
