
Microsoft Visual Studio Solution File, Format Version 12.00
# Visual Studio Version 17
VisualStudioVersion = 17.2.32210.308
MinimumVisualStudioVersion = 10.0.40219.1
Project("{FAE04EC0-301F-11D3-BF4B-00C04F79EFBC}") = "LommeRegner", "LommeRegner\LommeRegner.csproj", "{929C1F2C-21FA-4AB2-9D2F-0EA9CEE3244B}"
EndProject
Global
	GlobalSection(SolutionConfigurationPlatforms) = preSolution
		Debug|Any CPU = Debug|Any CPU
		Release|Any CPU = Release|Any CPU
	EndGlobalSection
	GlobalSection(ProjectConfigurationPlatforms) = postSolution
		{929C1F2C-21FA-4AB2-9D2F-0EA9CEE3244B}.Debug|Any CPU.ActiveCfg = Debug|Any CPU
		{929C1F2C-21FA-4AB2-9D2F-0EA9CEE3244B}.Debug|Any CPU.Build.0 = Debug|Any CPU
		{929C1F2C-21FA-4AB2-9D2F-0EA9CEE3244B}.Release|Any CPU.ActiveCfg = Release|Any CPU
		{929C1F2C-21FA-4AB2-9D2F-0EA9CEE3244B}.Release|Any CPU.Build.0 = Release|Any CPU
	EndGlobalSection
	GlobalSection(SolutionProperties) = preSolution
		HideSolutionNode = FALSE
	EndGlobalSection
	GlobalSection(ExtensibilityGlobals) = postSolution
		SolutionGuid = {704A0C1F-2EA4-4AB3-89D9-FE937479A20F}
	EndGlobalSection
EndGlobal
