
Microsoft Visual Studio Solution File, Format Version 12.00
# Visual Studio Version 17
VisualStudioVersion = 17.2.32210.308
MinimumVisualStudioVersion = 10.0.40219.1
Project("{FAE04EC0-301F-11D3-BF4B-00C04F79EFBC}") = "FamiliePizzaria", "FamiliePizzaria\FamiliePizzaria.csproj", "{B9AE88F2-F9DF-4FE1-B181-8FF2E4F4F168}"
EndProject
Global
	GlobalSection(SolutionConfigurationPlatforms) = preSolution
		Debug|Any CPU = Debug|Any CPU
		Release|Any CPU = Release|Any CPU
	EndGlobalSection
	GlobalSection(ProjectConfigurationPlatforms) = postSolution
		{B9AE88F2-F9DF-4FE1-B181-8FF2E4F4F168}.Debug|Any CPU.ActiveCfg = Debug|Any CPU
		{B9AE88F2-F9DF-4FE1-B181-8FF2E4F4F168}.Debug|Any CPU.Build.0 = Debug|Any CPU
		{B9AE88F2-F9DF-4FE1-B181-8FF2E4F4F168}.Release|Any CPU.ActiveCfg = Release|Any CPU
		{B9AE88F2-F9DF-4FE1-B181-8FF2E4F4F168}.Release|Any CPU.Build.0 = Release|Any CPU
	EndGlobalSection
	GlobalSection(SolutionProperties) = preSolution
		HideSolutionNode = FALSE
	EndGlobalSection
	GlobalSection(ExtensibilityGlobals) = postSolution
		SolutionGuid = {698B0787-9A0D-46B0-A52B-1DAA43D98834}
	EndGlobalSection
EndGlobal
