
Microsoft Visual Studio Solution File, Format Version 12.00
# Visual Studio Version 17
VisualStudioVersion = 17.2.32210.308
MinimumVisualStudioVersion = 10.0.40219.1
Project("{FAE04EC0-301F-11D3-BF4B-00C04F79EFBC}") = "DetDårligeProgram", "DetDårligeProgram\DetDårligeProgram.csproj", "{FC2E13A2-9218-4DFA-9DAD-5AC394C167FE}"
EndProject
Global
	GlobalSection(SolutionConfigurationPlatforms) = preSolution
		Debug|Any CPU = Debug|Any CPU
		Release|Any CPU = Release|Any CPU
	EndGlobalSection
	GlobalSection(ProjectConfigurationPlatforms) = postSolution
		{FC2E13A2-9218-4DFA-9DAD-5AC394C167FE}.Debug|Any CPU.ActiveCfg = Debug|Any CPU
		{FC2E13A2-9218-4DFA-9DAD-5AC394C167FE}.Debug|Any CPU.Build.0 = Debug|Any CPU
		{FC2E13A2-9218-4DFA-9DAD-5AC394C167FE}.Release|Any CPU.ActiveCfg = Release|Any CPU
		{FC2E13A2-9218-4DFA-9DAD-5AC394C167FE}.Release|Any CPU.Build.0 = Release|Any CPU
	EndGlobalSection
	GlobalSection(SolutionProperties) = preSolution
		HideSolutionNode = FALSE
	EndGlobalSection
	GlobalSection(ExtensibilityGlobals) = postSolution
		SolutionGuid = {7C12E601-F278-4309-B633-0A6A6260ECAB}
	EndGlobalSection
EndGlobal
